
Microsoft Visual Studio Solution File, Format Version 12.00
# Visual Studio Version 16
VisualStudioVersion = 16.0.30114.105
MinimumVisualStudioVersion = 10.0.40219.1
Project("{FAE04EC0-301F-11D3-BF4B-00C04F79EFBC}") = "hot_summer", "hot_summer.csproj", "{CFF099FD-2C58-44B3-8A98-87E061ABA1B2}"
EndProject
Project("{FAE04EC0-301F-11D3-BF4B-00C04F79EFBC}") = "DBOperation", "..\DBOperation\DBOperation.csproj", "{529D4E93-F55E-4457-BDA7-40897378EEA0}"
EndProject
Project("{54435603-DBB4-11D2-8724-00A0C9A8B90C}") = "testSetup", "..\testSetup\testSetup.vdproj", "{4087661B-C9A9-4794-A038-93CDB46A90BB}"
EndProject
Global
	GlobalSection(SolutionConfigurationPlatforms) = preSolution
		Debug|Any CPU = Debug|Any CPU
		Release|Any CPU = Release|Any CPU
	EndGlobalSection
	GlobalSection(ProjectConfigurationPlatforms) = postSolution
		{CFF099FD-2C58-44B3-8A98-87E061ABA1B2}.Debug|Any CPU.ActiveCfg = Debug|Any CPU
		{CFF099FD-2C58-44B3-8A98-87E061ABA1B2}.Debug|Any CPU.Build.0 = Debug|Any CPU
		{CFF099FD-2C58-44B3-8A98-87E061ABA1B2}.Release|Any CPU.ActiveCfg = Release|Any CPU
		{CFF099FD-2C58-44B3-8A98-87E061ABA1B2}.Release|Any CPU.Build.0 = Release|Any CPU
		{529D4E93-F55E-4457-BDA7-40897378EEA0}.Debug|Any CPU.ActiveCfg = Debug|Any CPU
		{529D4E93-F55E-4457-BDA7-40897378EEA0}.Debug|Any CPU.Build.0 = Debug|Any CPU
		{529D4E93-F55E-4457-BDA7-40897378EEA0}.Release|Any CPU.ActiveCfg = Release|Any CPU
		{529D4E93-F55E-4457-BDA7-40897378EEA0}.Release|Any CPU.Build.0 = Release|Any CPU
		{4087661B-C9A9-4794-A038-93CDB46A90BB}.Debug|Any CPU.ActiveCfg = Debug
		{4087661B-C9A9-4794-A038-93CDB46A90BB}.Release|Any CPU.ActiveCfg = Release
	EndGlobalSection
	GlobalSection(SolutionProperties) = preSolution
		HideSolutionNode = FALSE
	EndGlobalSection
	GlobalSection(ExtensibilityGlobals) = postSolution
		SolutionGuid = {98C9EF10-90B1-497B-BC10-1FAE026F190A}
	EndGlobalSection
EndGlobal
